
Microsoft Visual Studio Solution File, Format Version 12.00
# Visual Studio Version 16
VisualStudioVersion = 16.0.30717.126
MinimumVisualStudioVersion = 10.0.40219.1
Project("{FAE04EC0-301F-11D3-BF4B-00C04F79EFBC}") = "JBTimelineCharts", "JBTimelineCharts.csproj", "{B2B88159-9DD8-474E-85DE-2279627D19DF}"
EndProject
Global
	GlobalSection(SolutionConfigurationPlatforms) = preSolution
		Debug|Any CPU = Debug|Any CPU
		Release|Any CPU = Release|Any CPU
	EndGlobalSection
	GlobalSection(ProjectConfigurationPlatforms) = postSolution
		{B2B88159-9DD8-474E-85DE-2279627D19DF}.Debug|Any CPU.ActiveCfg = Debug|Any CPU
		{B2B88159-9DD8-474E-85DE-2279627D19DF}.Debug|Any CPU.Build.0 = Debug|Any CPU
		{B2B88159-9DD8-474E-85DE-2279627D19DF}.Release|Any CPU.ActiveCfg = Release|Any CPU
		{B2B88159-9DD8-474E-85DE-2279627D19DF}.Release|Any CPU.Build.0 = Release|Any CPU
	EndGlobalSection
	GlobalSection(SolutionProperties) = preSolution
		HideSolutionNode = FALSE
	EndGlobalSection
	GlobalSection(ExtensibilityGlobals) = postSolution
		SolutionGuid = {F39A7BE1-783F-484D-A2B8-3025E0C3A542}
	EndGlobalSection
EndGlobal
